
Microsoft Visual Studio Solution File, Format Version 12.00
# Visual Studio 2012
Project("{FAE04EC0-301F-11D3-BF4B-00C04F79EFBC}") = "Models", "Models\Models.csproj", "{2EF21D46-0DC4-4AB1-B7F9-0A097A98B8B6}"
EndProject
Project("{2150E333-8FDC-42A3-9474-1A3956D46DE8}") = "Test", "Test", "{F203D79B-89BF-4FF0-B224-B50946E11D65}"
EndProject
Project("{FAE04EC0-301F-11D3-BF4B-00C04F79EFBC}") = "QueryManager", "QueryManager\QueryManager.csproj", "{08EB6C9F-F2E7-4D57-B2B8-FBE047371AD0}"
EndProject
Project("{FAE04EC0-301F-11D3-BF4B-00C04F79EFBC}") = "ReportManager", "ReportManager\ReportManager.csproj", "{7E0509B2-AD1C-4299-9964-F5408ADF85DB}"
EndProject
Project("{2150E333-8FDC-42A3-9474-1A3956D46DE8}") = ".nuget", ".nuget", "{9E3C4E59-F2FF-44C7-A254-AD1522CF272F}"
	ProjectSection(SolutionItems) = preProject
		.nuget\NuGet.Config = .nuget\NuGet.Config
		.nuget\NuGet.exe = .nuget\NuGet.exe
		.nuget\NuGet.targets = .nuget\NuGet.targets
	EndProjectSection
EndProject
Project("{2150E333-8FDC-42A3-9474-1A3956D46DE8}") = "Solution Items", "Solution Items", "{B7BFD0CB-8EB5-4F7E-B73D-A3E4CE5B952C}"
EndProject
Project("{FAE04EC0-301F-11D3-BF4B-00C04F79EFBC}") = "dragonz.actb", "dragonz.actb\dragonz.actb.csproj", "{89BC47C7-F14D-46C5-8B9B-0DB90CE2AC42}"
EndProject
Project("{FAE04EC0-301F-11D3-BF4B-00C04F79EFBC}") = "PosizioniRoverfrutta", "PosizioniRoverfrutta\PosizioniRoverfrutta.csproj", "{26685DAD-B4A7-4D9A-A35A-CA4A8DF87DE5}"
EndProject
Project("{F184B08F-C81C-45F6-A57F-5ABD9991F28F}") = "WpfControls", "..\..\WpfControls\WpfControls\WpfControls.vbproj", "{D010F52C-140C-410D-B897-C1091B81AA13}"
EndProject
Project("{FAE04EC0-301F-11D3-BF4B-00C04F79EFBC}") = "PosizioniRoverfrutta.Tests", "PosizioniRoverfrutta.Tests\PosizioniRoverfrutta.Tests.csproj", "{1F4B38A4-970E-4C07-8FCA-2633EA5FFC42}"
EndProject
Project("{FAE04EC0-301F-11D3-BF4B-00C04F79EFBC}") = "ReportManager.Tests", "ReportManager.Tests\ReportManager.Tests.csproj", "{5FA664D8-59A7-49D6-B6CF-D01F01D466D8}"
EndProject
Project("{FAE04EC0-301F-11D3-BF4B-00C04F79EFBC}") = "QueryManager.Tests", "Tests\QueryManager.Tests\QueryManager.Tests.csproj", "{800175A4-B096-4A32-96D5-B33E2420C09F}"
EndProject
Project("{FAE04EC0-301F-11D3-BF4B-00C04F79EFBC}") = "MailWrapper", "MailWrapper\MailWrapper.csproj", "{F66A19A9-032E-403D-ABB5-3DA27979A8A4}"
EndProject
Project("{FAE04EC0-301F-11D3-BF4B-00C04F79EFBC}") = "Mapi.Integration.Test", "Mapi.Integration.Test\Mapi.Integration.Test.csproj", "{105C73CB-2A77-421F-AD8B-26B00A1F42C5}"
EndProject
Global
	GlobalSection(SolutionConfigurationPlatforms) = preSolution
		Debug|Any CPU = Debug|Any CPU
		Debug|x86 = Debug|x86
		Publish|Any CPU = Publish|Any CPU
		Publish|x86 = Publish|x86
		Release|Any CPU = Release|Any CPU
		Release|x86 = Release|x86
	EndGlobalSection
	GlobalSection(ProjectConfigurationPlatforms) = postSolution
		{2EF21D46-0DC4-4AB1-B7F9-0A097A98B8B6}.Debug|Any CPU.ActiveCfg = Debug|Any CPU
		{2EF21D46-0DC4-4AB1-B7F9-0A097A98B8B6}.Debug|Any CPU.Build.0 = Debug|Any CPU
		{2EF21D46-0DC4-4AB1-B7F9-0A097A98B8B6}.Debug|x86.ActiveCfg = Debug|Any CPU
		{2EF21D46-0DC4-4AB1-B7F9-0A097A98B8B6}.Debug|x86.Build.0 = Debug|Any CPU
		{2EF21D46-0DC4-4AB1-B7F9-0A097A98B8B6}.Publish|Any CPU.ActiveCfg = Publish|Any CPU
		{2EF21D46-0DC4-4AB1-B7F9-0A097A98B8B6}.Publish|Any CPU.Build.0 = Publish|Any CPU
		{2EF21D46-0DC4-4AB1-B7F9-0A097A98B8B6}.Publish|x86.ActiveCfg = Publish|Any CPU
		{2EF21D46-0DC4-4AB1-B7F9-0A097A98B8B6}.Release|Any CPU.ActiveCfg = Release|Any CPU
		{2EF21D46-0DC4-4AB1-B7F9-0A097A98B8B6}.Release|Any CPU.Build.0 = Release|Any CPU
		{2EF21D46-0DC4-4AB1-B7F9-0A097A98B8B6}.Release|x86.ActiveCfg = Release|Any CPU
		{08EB6C9F-F2E7-4D57-B2B8-FBE047371AD0}.Debug|Any CPU.ActiveCfg = Debug|Any CPU
		{08EB6C9F-F2E7-4D57-B2B8-FBE047371AD0}.Debug|Any CPU.Build.0 = Debug|Any CPU
		{08EB6C9F-F2E7-4D57-B2B8-FBE047371AD0}.Debug|x86.ActiveCfg = Debug|Any CPU
		{08EB6C9F-F2E7-4D57-B2B8-FBE047371AD0}.Debug|x86.Build.0 = Debug|Any CPU
		{08EB6C9F-F2E7-4D57-B2B8-FBE047371AD0}.Publish|Any CPU.ActiveCfg = Publish|Any CPU
		{08EB6C9F-F2E7-4D57-B2B8-FBE047371AD0}.Publish|Any CPU.Build.0 = Publish|Any CPU
		{08EB6C9F-F2E7-4D57-B2B8-FBE047371AD0}.Publish|x86.ActiveCfg = Publish|Any CPU
		{08EB6C9F-F2E7-4D57-B2B8-FBE047371AD0}.Release|Any CPU.ActiveCfg = Release|Any CPU
		{08EB6C9F-F2E7-4D57-B2B8-FBE047371AD0}.Release|Any CPU.Build.0 = Release|Any CPU
		{08EB6C9F-F2E7-4D57-B2B8-FBE047371AD0}.Release|x86.ActiveCfg = Release|Any CPU
		{7E0509B2-AD1C-4299-9964-F5408ADF85DB}.Debug|Any CPU.ActiveCfg = Debug|Any CPU
		{7E0509B2-AD1C-4299-9964-F5408ADF85DB}.Debug|Any CPU.Build.0 = Debug|Any CPU
		{7E0509B2-AD1C-4299-9964-F5408ADF85DB}.Debug|x86.ActiveCfg = Debug|x86
		{7E0509B2-AD1C-4299-9964-F5408ADF85DB}.Debug|x86.Build.0 = Debug|x86
		{7E0509B2-AD1C-4299-9964-F5408ADF85DB}.Publish|Any CPU.ActiveCfg = Publish|Any CPU
		{7E0509B2-AD1C-4299-9964-F5408ADF85DB}.Publish|Any CPU.Build.0 = Publish|Any CPU
		{7E0509B2-AD1C-4299-9964-F5408ADF85DB}.Publish|x86.ActiveCfg = Publish|x86
		{7E0509B2-AD1C-4299-9964-F5408ADF85DB}.Publish|x86.Build.0 = Publish|x86
		{7E0509B2-AD1C-4299-9964-F5408ADF85DB}.Release|Any CPU.ActiveCfg = Release|Any CPU
		{7E0509B2-AD1C-4299-9964-F5408ADF85DB}.Release|Any CPU.Build.0 = Release|Any CPU
		{7E0509B2-AD1C-4299-9964-F5408ADF85DB}.Release|x86.ActiveCfg = Release|x86
		{7E0509B2-AD1C-4299-9964-F5408ADF85DB}.Release|x86.Build.0 = Release|x86
		{89BC47C7-F14D-46C5-8B9B-0DB90CE2AC42}.Debug|Any CPU.ActiveCfg = Debug|Any CPU
		{89BC47C7-F14D-46C5-8B9B-0DB90CE2AC42}.Debug|Any CPU.Build.0 = Debug|Any CPU
		{89BC47C7-F14D-46C5-8B9B-0DB90CE2AC42}.Debug|x86.ActiveCfg = Debug|Any CPU
		{89BC47C7-F14D-46C5-8B9B-0DB90CE2AC42}.Debug|x86.Build.0 = Debug|Any CPU
		{89BC47C7-F14D-46C5-8B9B-0DB90CE2AC42}.Publish|Any CPU.ActiveCfg = Publish|Any CPU
		{89BC47C7-F14D-46C5-8B9B-0DB90CE2AC42}.Publish|Any CPU.Build.0 = Publish|Any CPU
		{89BC47C7-F14D-46C5-8B9B-0DB90CE2AC42}.Publish|x86.ActiveCfg = Publish|Any CPU
		{89BC47C7-F14D-46C5-8B9B-0DB90CE2AC42}.Release|Any CPU.ActiveCfg = Release|Any CPU
		{89BC47C7-F14D-46C5-8B9B-0DB90CE2AC42}.Release|Any CPU.Build.0 = Release|Any CPU
		{89BC47C7-F14D-46C5-8B9B-0DB90CE2AC42}.Release|x86.ActiveCfg = Release|Any CPU
		{26685DAD-B4A7-4D9A-A35A-CA4A8DF87DE5}.Debug|Any CPU.ActiveCfg = Debug|Any CPU
		{26685DAD-B4A7-4D9A-A35A-CA4A8DF87DE5}.Debug|Any CPU.Build.0 = Debug|Any CPU
		{26685DAD-B4A7-4D9A-A35A-CA4A8DF87DE5}.Debug|x86.ActiveCfg = Debug|Any CPU
		{26685DAD-B4A7-4D9A-A35A-CA4A8DF87DE5}.Debug|x86.Build.0 = Debug|Any CPU
		{26685DAD-B4A7-4D9A-A35A-CA4A8DF87DE5}.Publish|Any CPU.ActiveCfg = Publish|Any CPU
		{26685DAD-B4A7-4D9A-A35A-CA4A8DF87DE5}.Publish|Any CPU.Build.0 = Publish|Any CPU
		{26685DAD-B4A7-4D9A-A35A-CA4A8DF87DE5}.Publish|x86.ActiveCfg = Publish|Any CPU
		{26685DAD-B4A7-4D9A-A35A-CA4A8DF87DE5}.Release|Any CPU.ActiveCfg = Release|Any CPU
		{26685DAD-B4A7-4D9A-A35A-CA4A8DF87DE5}.Release|Any CPU.Build.0 = Release|Any CPU
		{26685DAD-B4A7-4D9A-A35A-CA4A8DF87DE5}.Release|x86.ActiveCfg = Release|Any CPU
		{D010F52C-140C-410D-B897-C1091B81AA13}.Debug|Any CPU.ActiveCfg = Debug|Any CPU
		{D010F52C-140C-410D-B897-C1091B81AA13}.Debug|Any CPU.Build.0 = Debug|Any CPU
		{D010F52C-140C-410D-B897-C1091B81AA13}.Debug|x86.ActiveCfg = Debug|Any CPU
		{D010F52C-140C-410D-B897-C1091B81AA13}.Debug|x86.Build.0 = Debug|Any CPU
		{D010F52C-140C-410D-B897-C1091B81AA13}.Publish|Any CPU.ActiveCfg = Release|Any CPU
		{D010F52C-140C-410D-B897-C1091B81AA13}.Publish|Any CPU.Build.0 = Release|Any CPU
		{D010F52C-140C-410D-B897-C1091B81AA13}.Publish|x86.ActiveCfg = Release|Any CPU
		{D010F52C-140C-410D-B897-C1091B81AA13}.Release|Any CPU.ActiveCfg = Release|Any CPU
		{D010F52C-140C-410D-B897-C1091B81AA13}.Release|Any CPU.Build.0 = Release|Any CPU
		{D010F52C-140C-410D-B897-C1091B81AA13}.Release|x86.ActiveCfg = Release|Any CPU
		{1F4B38A4-970E-4C07-8FCA-2633EA5FFC42}.Debug|Any CPU.ActiveCfg = Debug|Any CPU
		{1F4B38A4-970E-4C07-8FCA-2633EA5FFC42}.Debug|Any CPU.Build.0 = Debug|Any CPU
		{1F4B38A4-970E-4C07-8FCA-2633EA5FFC42}.Debug|x86.ActiveCfg = Debug|Any CPU
		{1F4B38A4-970E-4C07-8FCA-2633EA5FFC42}.Debug|x86.Build.0 = Debug|Any CPU
		{1F4B38A4-970E-4C07-8FCA-2633EA5FFC42}.Publish|Any CPU.ActiveCfg = Publish|Any CPU
		{1F4B38A4-970E-4C07-8FCA-2633EA5FFC42}.Publish|Any CPU.Build.0 = Publish|Any CPU
		{1F4B38A4-970E-4C07-8FCA-2633EA5FFC42}.Publish|x86.ActiveCfg = Publish|Any CPU
		{1F4B38A4-970E-4C07-8FCA-2633EA5FFC42}.Release|Any CPU.ActiveCfg = Release|Any CPU
		{1F4B38A4-970E-4C07-8FCA-2633EA5FFC42}.Release|Any CPU.Build.0 = Release|Any CPU
		{1F4B38A4-970E-4C07-8FCA-2633EA5FFC42}.Release|x86.ActiveCfg = Release|Any CPU
		{5FA664D8-59A7-49D6-B6CF-D01F01D466D8}.Debug|Any CPU.ActiveCfg = Debug|Any CPU
		{5FA664D8-59A7-49D6-B6CF-D01F01D466D8}.Debug|Any CPU.Build.0 = Debug|Any CPU
		{5FA664D8-59A7-49D6-B6CF-D01F01D466D8}.Debug|x86.ActiveCfg = Debug|Any CPU
		{5FA664D8-59A7-49D6-B6CF-D01F01D466D8}.Debug|x86.Build.0 = Debug|Any CPU
		{5FA664D8-59A7-49D6-B6CF-D01F01D466D8}.Publish|Any CPU.ActiveCfg = Publish|Any CPU
		{5FA664D8-59A7-49D6-B6CF-D01F01D466D8}.Publish|Any CPU.Build.0 = Publish|Any CPU
		{5FA664D8-59A7-49D6-B6CF-D01F01D466D8}.Publish|x86.ActiveCfg = Publish|Any CPU
		{5FA664D8-59A7-49D6-B6CF-D01F01D466D8}.Release|Any CPU.ActiveCfg = Release|Any CPU
		{5FA664D8-59A7-49D6-B6CF-D01F01D466D8}.Release|Any CPU.Build.0 = Release|Any CPU
		{5FA664D8-59A7-49D6-B6CF-D01F01D466D8}.Release|x86.ActiveCfg = Release|Any CPU
		{800175A4-B096-4A32-96D5-B33E2420C09F}.Debug|Any CPU.ActiveCfg = Debug|Any CPU
		{800175A4-B096-4A32-96D5-B33E2420C09F}.Debug|Any CPU.Build.0 = Debug|Any CPU
		{800175A4-B096-4A32-96D5-B33E2420C09F}.Debug|x86.ActiveCfg = Debug|Any CPU
		{800175A4-B096-4A32-96D5-B33E2420C09F}.Publish|Any CPU.ActiveCfg = Publish|Any CPU
		{800175A4-B096-4A32-96D5-B33E2420C09F}.Publish|Any CPU.Build.0 = Publish|Any CPU
		{800175A4-B096-4A32-96D5-B33E2420C09F}.Publish|x86.ActiveCfg = Publish|Any CPU
		{800175A4-B096-4A32-96D5-B33E2420C09F}.Release|Any CPU.ActiveCfg = Release|Any CPU
		{800175A4-B096-4A32-96D5-B33E2420C09F}.Release|Any CPU.Build.0 = Release|Any CPU
		{800175A4-B096-4A32-96D5-B33E2420C09F}.Release|x86.ActiveCfg = Release|Any CPU
		{F66A19A9-032E-403D-ABB5-3DA27979A8A4}.Debug|Any CPU.ActiveCfg = Debug|Any CPU
		{F66A19A9-032E-403D-ABB5-3DA27979A8A4}.Debug|Any CPU.Build.0 = Debug|Any CPU
		{F66A19A9-032E-403D-ABB5-3DA27979A8A4}.Debug|x86.ActiveCfg = Debug|Any CPU
		{F66A19A9-032E-403D-ABB5-3DA27979A8A4}.Publish|Any CPU.ActiveCfg = Release|Any CPU
		{F66A19A9-032E-403D-ABB5-3DA27979A8A4}.Publish|Any CPU.Build.0 = Release|Any CPU
		{F66A19A9-032E-403D-ABB5-3DA27979A8A4}.Publish|x86.ActiveCfg = Release|Any CPU
		{F66A19A9-032E-403D-ABB5-3DA27979A8A4}.Release|Any CPU.ActiveCfg = Release|Any CPU
		{F66A19A9-032E-403D-ABB5-3DA27979A8A4}.Release|Any CPU.Build.0 = Release|Any CPU
		{F66A19A9-032E-403D-ABB5-3DA27979A8A4}.Release|x86.ActiveCfg = Release|Any CPU
		{105C73CB-2A77-421F-AD8B-26B00A1F42C5}.Debug|Any CPU.ActiveCfg = Debug|Any CPU
		{105C73CB-2A77-421F-AD8B-26B00A1F42C5}.Debug|Any CPU.Build.0 = Debug|Any CPU
		{105C73CB-2A77-421F-AD8B-26B00A1F42C5}.Debug|x86.ActiveCfg = Debug|Any CPU
		{105C73CB-2A77-421F-AD8B-26B00A1F42C5}.Publish|Any CPU.ActiveCfg = Release|Any CPU
		{105C73CB-2A77-421F-AD8B-26B00A1F42C5}.Publish|Any CPU.Build.0 = Release|Any CPU
		{105C73CB-2A77-421F-AD8B-26B00A1F42C5}.Publish|x86.ActiveCfg = Release|Any CPU
		{105C73CB-2A77-421F-AD8B-26B00A1F42C5}.Release|Any CPU.ActiveCfg = Release|Any CPU
		{105C73CB-2A77-421F-AD8B-26B00A1F42C5}.Release|Any CPU.Build.0 = Release|Any CPU
		{105C73CB-2A77-421F-AD8B-26B00A1F42C5}.Release|x86.ActiveCfg = Release|Any CPU
	EndGlobalSection
	GlobalSection(SolutionProperties) = preSolution
		HideSolutionNode = FALSE
	EndGlobalSection
	GlobalSection(NestedProjects) = preSolution
		{1F4B38A4-970E-4C07-8FCA-2633EA5FFC42} = {F203D79B-89BF-4FF0-B224-B50946E11D65}
		{5FA664D8-59A7-49D6-B6CF-D01F01D466D8} = {F203D79B-89BF-4FF0-B224-B50946E11D65}
		{800175A4-B096-4A32-96D5-B33E2420C09F} = {F203D79B-89BF-4FF0-B224-B50946E11D65}
		{105C73CB-2A77-421F-AD8B-26B00A1F42C5} = {F203D79B-89BF-4FF0-B224-B50946E11D65}
	EndGlobalSection
EndGlobal
